{
  "name": "ng2-countries",
  "version": "2.0.4",
  "lockfileVersion": 1,
  "requires": true,
  "dependencies": {
    "countries": {
      "version": "0.1.1",
      "resolved": "https://registry.npmjs.org/countries/-/countries-0.1.1.tgz",
      "integrity": "sha1-pgeHMmoIWh0AZrwa4CqNDMlI5mI="
    }
  }
}
